
Microsoft Visual Studio Solution File, Format Version 12.00
# Visual Studio 15
VisualStudioVersion = 15.0.28307.1758
MinimumVisualStudioVersion = 10.0.40219.1
Project("{FAE04EC0-301F-11D3-BF4B-00C04F79EFBC}") = "LeetCode002", "LeetCode002\LeetCode002.csproj", "{F4146A85-312A-40C5-955F-78C930182700}"
EndProject
Project("{FAE04EC0-301F-11D3-BF4B-00C04F79EFBC}") = "LeetCode003", "LeetCode003\LeetCode003.csproj", "{F3CFC4D3-C9B2-459B-8B29-C2DE1EE2A121}"
EndProject
Project("{FAE04EC0-301F-11D3-BF4B-00C04F79EFBC}") = "LeetCode004", "LeetCode004\LeetCode004.csproj", "{5DFD9F97-C5D4-4386-AD55-27EEB05428FE}"
EndProject
Project("{FAE04EC0-301F-11D3-BF4B-00C04F79EFBC}") = "LeetCode005", "LeetCode005\LeetCode005.csproj", "{954392DF-04DE-4E51-B2BF-169EC60A3E2F}"
EndProject
Project("{FAE04EC0-301F-11D3-BF4B-00C04F79EFBC}") = "LeetCode006", "LeetCode006\LeetCode006.csproj", "{79CA20A4-A213-48C2-9993-AF9853CEDACA}"
EndProject
Project("{FAE04EC0-301F-11D3-BF4B-00C04F79EFBC}") = "LeetCode007", "LeetCode007\LeetCode007.csproj", "{670B7736-9F3C-41DF-B540-34AD7070CA72}"
EndProject
Project("{FAE04EC0-301F-11D3-BF4B-00C04F79EFBC}") = "LeetCode008", "LeetCode008\LeetCode008.csproj", "{ED1C16BA-E588-4DA1-A0B2-CC8224DA7C7E}"
EndProject
Project("{FAE04EC0-301F-11D3-BF4B-00C04F79EFBC}") = "LeetCode009", "LeetCode009\LeetCode009.csproj", "{D7C91160-AC1A-4BA6-8E34-F23C9A21585C}"
EndProject
Project("{FAE04EC0-301F-11D3-BF4B-00C04F79EFBC}") = "LeetCode010", "LeetCode010\LeetCode010.csproj", "{81D03F23-E911-4FF2-8FB6-3AC8CCADB6A4}"
EndProject
Project("{FAE04EC0-301F-11D3-BF4B-00C04F79EFBC}") = "LeetCode769", "LeetCode769\LeetCode769.csproj", "{3D45E45D-BE55-457A-97A1-3BFDAA814D49}"
EndProject
Project("{FAE04EC0-301F-11D3-BF4B-00C04F79EFBC}") = "LeetCode022", "LeetCode022\LeetCode022.csproj", "{206D84DB-D0DB-4888-9E69-8D297F6BC57F}"
EndProject
Project("{FAE04EC0-301F-11D3-BF4B-00C04F79EFBC}") = "LeetCode017", "LeetCode017\LeetCode017.csproj", "{1EB1F8D8-EA29-4AA9-A095-431E24F84460}"
EndProject
Project("{FAE04EC0-301F-11D3-BF4B-00C04F79EFBC}") = "LeetCode046", "LeetCode046\LeetCode046.csproj", "{2F78E931-7931-4134-9FB3-4AC4DABAF792}"
EndProject
Project("{FAE04EC0-301F-11D3-BF4B-00C04F79EFBC}") = "LeetCode094", "LeetCode094\LeetCode094.csproj", "{92C5B196-9E1A-4CA9-89B8-EFAD24D04A86}"
EndProject
Project("{FAE04EC0-301F-11D3-BF4B-00C04F79EFBC}") = "LeetCode931", "LeetCode931\LeetCode931.csproj", "{89311C65-E606-448F-A792-0293354EEFFF}"
EndProject
Project("{FAE04EC0-301F-11D3-BF4B-00C04F79EFBC}") = "LeetCode070", "LeetCode070\LeetCode070.csproj", "{C7A0C42A-6F6B-471F-818C-9F65A32C1AE9}"
EndProject
Project("{FAE04EC0-301F-11D3-BF4B-00C04F79EFBC}") = "LeetCode098", "LeetCode098\LeetCode098.csproj", "{F8AB8DED-B4E5-4B10-B882-BB0751B8A78B}"
EndProject
Global
	GlobalSection(SolutionConfigurationPlatforms) = preSolution
		Debug|Any CPU = Debug|Any CPU
		Release|Any CPU = Release|Any CPU
	EndGlobalSection
	GlobalSection(ProjectConfigurationPlatforms) = postSolution
		{F4146A85-312A-40C5-955F-78C930182700}.Debug|Any CPU.ActiveCfg = Debug|Any CPU
		{F4146A85-312A-40C5-955F-78C930182700}.Debug|Any CPU.Build.0 = Debug|Any CPU
		{F4146A85-312A-40C5-955F-78C930182700}.Release|Any CPU.ActiveCfg = Release|Any CPU
		{F4146A85-312A-40C5-955F-78C930182700}.Release|Any CPU.Build.0 = Release|Any CPU
		{F3CFC4D3-C9B2-459B-8B29-C2DE1EE2A121}.Debug|Any CPU.ActiveCfg = Debug|Any CPU
		{F3CFC4D3-C9B2-459B-8B29-C2DE1EE2A121}.Debug|Any CPU.Build.0 = Debug|Any CPU
		{F3CFC4D3-C9B2-459B-8B29-C2DE1EE2A121}.Release|Any CPU.ActiveCfg = Release|Any CPU
		{F3CFC4D3-C9B2-459B-8B29-C2DE1EE2A121}.Release|Any CPU.Build.0 = Release|Any CPU
		{5DFD9F97-C5D4-4386-AD55-27EEB05428FE}.Debug|Any CPU.ActiveCfg = Debug|Any CPU
		{5DFD9F97-C5D4-4386-AD55-27EEB05428FE}.Debug|Any CPU.Build.0 = Debug|Any CPU
		{5DFD9F97-C5D4-4386-AD55-27EEB05428FE}.Release|Any CPU.ActiveCfg = Release|Any CPU
		{5DFD9F97-C5D4-4386-AD55-27EEB05428FE}.Release|Any CPU.Build.0 = Release|Any CPU
		{954392DF-04DE-4E51-B2BF-169EC60A3E2F}.Debug|Any CPU.ActiveCfg = Debug|Any CPU
		{954392DF-04DE-4E51-B2BF-169EC60A3E2F}.Debug|Any CPU.Build.0 = Debug|Any CPU
		{954392DF-04DE-4E51-B2BF-169EC60A3E2F}.Release|Any CPU.ActiveCfg = Release|Any CPU
		{954392DF-04DE-4E51-B2BF-169EC60A3E2F}.Release|Any CPU.Build.0 = Release|Any CPU
		{79CA20A4-A213-48C2-9993-AF9853CEDACA}.Debug|Any CPU.ActiveCfg = Debug|Any CPU
		{79CA20A4-A213-48C2-9993-AF9853CEDACA}.Debug|Any CPU.Build.0 = Debug|Any CPU
		{79CA20A4-A213-48C2-9993-AF9853CEDACA}.Release|Any CPU.ActiveCfg = Release|Any CPU
		{79CA20A4-A213-48C2-9993-AF9853CEDACA}.Release|Any CPU.Build.0 = Release|Any CPU
		{670B7736-9F3C-41DF-B540-34AD7070CA72}.Debug|Any CPU.ActiveCfg = Debug|Any CPU
		{670B7736-9F3C-41DF-B540-34AD7070CA72}.Debug|Any CPU.Build.0 = Debug|Any CPU
		{670B7736-9F3C-41DF-B540-34AD7070CA72}.Release|Any CPU.ActiveCfg = Release|Any CPU
		{670B7736-9F3C-41DF-B540-34AD7070CA72}.Release|Any CPU.Build.0 = Release|Any CPU
		{ED1C16BA-E588-4DA1-A0B2-CC8224DA7C7E}.Debug|Any CPU.ActiveCfg = Debug|Any CPU
		{ED1C16BA-E588-4DA1-A0B2-CC8224DA7C7E}.Debug|Any CPU.Build.0 = Debug|Any CPU
		{ED1C16BA-E588-4DA1-A0B2-CC8224DA7C7E}.Release|Any CPU.ActiveCfg = Release|Any CPU
		{ED1C16BA-E588-4DA1-A0B2-CC8224DA7C7E}.Release|Any CPU.Build.0 = Release|Any CPU
		{D7C91160-AC1A-4BA6-8E34-F23C9A21585C}.Debug|Any CPU.ActiveCfg = Debug|Any CPU
		{D7C91160-AC1A-4BA6-8E34-F23C9A21585C}.Debug|Any CPU.Build.0 = Debug|Any CPU
		{D7C91160-AC1A-4BA6-8E34-F23C9A21585C}.Release|Any CPU.ActiveCfg = Release|Any CPU
		{D7C91160-AC1A-4BA6-8E34-F23C9A21585C}.Release|Any CPU.Build.0 = Release|Any CPU
		{81D03F23-E911-4FF2-8FB6-3AC8CCADB6A4}.Debug|Any CPU.ActiveCfg = Debug|Any CPU
		{81D03F23-E911-4FF2-8FB6-3AC8CCADB6A4}.Debug|Any CPU.Build.0 = Debug|Any CPU
		{81D03F23-E911-4FF2-8FB6-3AC8CCADB6A4}.Release|Any CPU.ActiveCfg = Release|Any CPU
		{81D03F23-E911-4FF2-8FB6-3AC8CCADB6A4}.Release|Any CPU.Build.0 = Release|Any CPU
		{3D45E45D-BE55-457A-97A1-3BFDAA814D49}.Debug|Any CPU.ActiveCfg = Debug|Any CPU
		{3D45E45D-BE55-457A-97A1-3BFDAA814D49}.Debug|Any CPU.Build.0 = Debug|Any CPU
		{3D45E45D-BE55-457A-97A1-3BFDAA814D49}.Release|Any CPU.ActiveCfg = Release|Any CPU
		{3D45E45D-BE55-457A-97A1-3BFDAA814D49}.Release|Any CPU.Build.0 = Release|Any CPU
		{206D84DB-D0DB-4888-9E69-8D297F6BC57F}.Debug|Any CPU.ActiveCfg = Debug|Any CPU
		{206D84DB-D0DB-4888-9E69-8D297F6BC57F}.Debug|Any CPU.Build.0 = Debug|Any CPU
		{206D84DB-D0DB-4888-9E69-8D297F6BC57F}.Release|Any CPU.ActiveCfg = Release|Any CPU
		{206D84DB-D0DB-4888-9E69-8D297F6BC57F}.Release|Any CPU.Build.0 = Release|Any CPU
		{1EB1F8D8-EA29-4AA9-A095-431E24F84460}.Debug|Any CPU.ActiveCfg = Debug|Any CPU
		{1EB1F8D8-EA29-4AA9-A095-431E24F84460}.Debug|Any CPU.Build.0 = Debug|Any CPU
		{1EB1F8D8-EA29-4AA9-A095-431E24F84460}.Release|Any CPU.ActiveCfg = Release|Any CPU
		{1EB1F8D8-EA29-4AA9-A095-431E24F84460}.Release|Any CPU.Build.0 = Release|Any CPU
		{2F78E931-7931-4134-9FB3-4AC4DABAF792}.Debug|Any CPU.ActiveCfg = Debug|Any CPU
		{2F78E931-7931-4134-9FB3-4AC4DABAF792}.Debug|Any CPU.Build.0 = Debug|Any CPU
		{2F78E931-7931-4134-9FB3-4AC4DABAF792}.Release|Any CPU.ActiveCfg = Release|Any CPU
		{2F78E931-7931-4134-9FB3-4AC4DABAF792}.Release|Any CPU.Build.0 = Release|Any CPU
		{92C5B196-9E1A-4CA9-89B8-EFAD24D04A86}.Debug|Any CPU.ActiveCfg = Debug|Any CPU
		{92C5B196-9E1A-4CA9-89B8-EFAD24D04A86}.Debug|Any CPU.Build.0 = Debug|Any CPU
		{92C5B196-9E1A-4CA9-89B8-EFAD24D04A86}.Release|Any CPU.ActiveCfg = Release|Any CPU
		{92C5B196-9E1A-4CA9-89B8-EFAD24D04A86}.Release|Any CPU.Build.0 = Release|Any CPU
		{89311C65-E606-448F-A792-0293354EEFFF}.Debug|Any CPU.ActiveCfg = Debug|Any CPU
		{89311C65-E606-448F-A792-0293354EEFFF}.Debug|Any CPU.Build.0 = Debug|Any CPU
		{89311C65-E606-448F-A792-0293354EEFFF}.Release|Any CPU.ActiveCfg = Release|Any CPU
		{89311C65-E606-448F-A792-0293354EEFFF}.Release|Any CPU.Build.0 = Release|Any CPU
		{C7A0C42A-6F6B-471F-818C-9F65A32C1AE9}.Debug|Any CPU.ActiveCfg = Debug|Any CPU
		{C7A0C42A-6F6B-471F-818C-9F65A32C1AE9}.Debug|Any CPU.Build.0 = Debug|Any CPU
		{C7A0C42A-6F6B-471F-818C-9F65A32C1AE9}.Release|Any CPU.ActiveCfg = Release|Any CPU
		{C7A0C42A-6F6B-471F-818C-9F65A32C1AE9}.Release|Any CPU.Build.0 = Release|Any CPU
		{F8AB8DED-B4E5-4B10-B882-BB0751B8A78B}.Debug|Any CPU.ActiveCfg = Debug|Any CPU
		{F8AB8DED-B4E5-4B10-B882-BB0751B8A78B}.Debug|Any CPU.Build.0 = Debug|Any CPU
		{F8AB8DED-B4E5-4B10-B882-BB0751B8A78B}.Release|Any CPU.ActiveCfg = Release|Any CPU
		{F8AB8DED-B4E5-4B10-B882-BB0751B8A78B}.Release|Any CPU.Build.0 = Release|Any CPU
	EndGlobalSection
	GlobalSection(SolutionProperties) = preSolution
		HideSolutionNode = FALSE
	EndGlobalSection
	GlobalSection(ExtensibilityGlobals) = postSolution
		SolutionGuid = {303E0500-61FB-4AF5-840F-7E55345B8D9B}
	EndGlobalSection
EndGlobal
